
Microsoft Visual Studio Solution File, Format Version 12.00
# Visual Studio Version 17
VisualStudioVersion = 17.14.36414.22
MinimumVisualStudioVersion = 10.0.40219.1
Project("{FAE04EC0-301F-11D3-BF4B-00C04F79EFBC}") = "BlazorEmployeeCRUD", "BlazorEmployeeCRUD.csproj", "{2DD83CF0-B21C-4D8C-8184-0F1A73B43206}"
EndProject
Global
	GlobalSection(SolutionConfigurationPlatforms) = preSolution
		Debug|Any CPU = Debug|Any CPU
		Release|Any CPU = Release|Any CPU
	EndGlobalSection
	GlobalSection(ProjectConfigurationPlatforms) = postSolution
		{2DD83CF0-B21C-4D8C-8184-0F1A73B43206}.Debug|Any CPU.ActiveCfg = Debug|Any CPU
		{2DD83CF0-B21C-4D8C-8184-0F1A73B43206}.Debug|Any CPU.Build.0 = Debug|Any CPU
		{2DD83CF0-B21C-4D8C-8184-0F1A73B43206}.Release|Any CPU.ActiveCfg = Release|Any CPU
		{2DD83CF0-B21C-4D8C-8184-0F1A73B43206}.Release|Any CPU.Build.0 = Release|Any CPU
	EndGlobalSection
	GlobalSection(SolutionProperties) = preSolution
		HideSolutionNode = FALSE
	EndGlobalSection
	GlobalSection(ExtensibilityGlobals) = postSolution
		SolutionGuid = {2E9DF84F-3184-4F4C-97D8-CB54652399F9}
	EndGlobalSection
EndGlobal
